
Microsoft Visual Studio Solution File, Format Version 12.00
# Visual Studio 15
VisualStudioVersion = 15.0.27703.2035
MinimumVisualStudioVersion = 10.0.40219.1
Project("{FAE04EC0-301F-11D3-BF4B-00C04F79EFBC}") = "ProjectRaisesGUI", "ProjectRaisesGUI\ProjectRaisesGUI.csproj", "{01411C90-CBCF-46AA-B99F-3C5E19C5E374}"
EndProject
Global
	GlobalSection(SolutionConfigurationPlatforms) = preSolution
		Debug|Any CPU = Debug|Any CPU
		Release|Any CPU = Release|Any CPU
	EndGlobalSection
	GlobalSection(ProjectConfigurationPlatforms) = postSolution
		{01411C90-CBCF-46AA-B99F-3C5E19C5E374}.Debug|Any CPU.ActiveCfg = Debug|Any CPU
		{01411C90-CBCF-46AA-B99F-3C5E19C5E374}.Debug|Any CPU.Build.0 = Debug|Any CPU
		{01411C90-CBCF-46AA-B99F-3C5E19C5E374}.Release|Any CPU.ActiveCfg = Release|Any CPU
		{01411C90-CBCF-46AA-B99F-3C5E19C5E374}.Release|Any CPU.Build.0 = Release|Any CPU
	EndGlobalSection
	GlobalSection(SolutionProperties) = preSolution
		HideSolutionNode = FALSE
	EndGlobalSection
	GlobalSection(ExtensibilityGlobals) = postSolution
		SolutionGuid = {32B69EE5-9C9C-4D7D-A502-713F031EA7BD}
	EndGlobalSection
EndGlobal
